
Microsoft Visual Studio Solution File, Format Version 12.00
# Visual Studio Version 16
VisualStudioVersion = 16.0.31410.357
MinimumVisualStudioVersion = 10.0.40219.1
Project("{FAE04EC0-301F-11D3-BF4B-00C04F79EFBC}") = "TestTestTest", "TestTestTest.csproj", "{1953009D-F536-4980-A69B-4AFDC156B187}"
EndProject
Global
	GlobalSection(SolutionConfigurationPlatforms) = preSolution
		Debug|Any CPU = Debug|Any CPU
		Release|Any CPU = Release|Any CPU
	EndGlobalSection
	GlobalSection(ProjectConfigurationPlatforms) = postSolution
		{1953009D-F536-4980-A69B-4AFDC156B187}.Debug|Any CPU.ActiveCfg = Debug|Any CPU
		{1953009D-F536-4980-A69B-4AFDC156B187}.Debug|Any CPU.Build.0 = Debug|Any CPU
		{1953009D-F536-4980-A69B-4AFDC156B187}.Release|Any CPU.ActiveCfg = Release|Any CPU
		{1953009D-F536-4980-A69B-4AFDC156B187}.Release|Any CPU.Build.0 = Release|Any CPU
	EndGlobalSection
	GlobalSection(SolutionProperties) = preSolution
		HideSolutionNode = FALSE
	EndGlobalSection
	GlobalSection(ExtensibilityGlobals) = postSolution
		SolutionGuid = {054368DB-EF96-4AE3-B626-1E1E6FA77DEB}
	EndGlobalSection
EndGlobal
